
Microsoft Visual Studio Solution File, Format Version 12.00
# Visual Studio Version 16
VisualStudioVersion = 16.0.31005.135
MinimumVisualStudioVersion = 10.0.40219.1
Project("{9A19103F-16F7-4668-BE54-9A1E7A4F7556}") = "ProjectRSA", "ProjectRSA\ProjectRSA.csproj", "{1E62F5D6-039A-407C-94CB-43CA2BF42B4E}"
EndProject
Project("{FAE04EC0-301F-11D3-BF4B-00C04F79EFBC}") = "ProjectRSA.UnitTests", "ProjectRSA.UnitTests\ProjectRSA.UnitTests.csproj", "{928CD295-1ECC-4DDD-936B-C78DC592C910}"
EndProject
Global
	GlobalSection(SolutionConfigurationPlatforms) = preSolution
		Debug|Any CPU = Debug|Any CPU
		Release|Any CPU = Release|Any CPU
	EndGlobalSection
	GlobalSection(ProjectConfigurationPlatforms) = postSolution
		{1E62F5D6-039A-407C-94CB-43CA2BF42B4E}.Debug|Any CPU.ActiveCfg = Debug|Any CPU
		{1E62F5D6-039A-407C-94CB-43CA2BF42B4E}.Debug|Any CPU.Build.0 = Debug|Any CPU
		{1E62F5D6-039A-407C-94CB-43CA2BF42B4E}.Release|Any CPU.ActiveCfg = Release|Any CPU
		{1E62F5D6-039A-407C-94CB-43CA2BF42B4E}.Release|Any CPU.Build.0 = Release|Any CPU
		{928CD295-1ECC-4DDD-936B-C78DC592C910}.Debug|Any CPU.ActiveCfg = Debug|Any CPU
		{928CD295-1ECC-4DDD-936B-C78DC592C910}.Debug|Any CPU.Build.0 = Debug|Any CPU
		{928CD295-1ECC-4DDD-936B-C78DC592C910}.Release|Any CPU.ActiveCfg = Release|Any CPU
		{928CD295-1ECC-4DDD-936B-C78DC592C910}.Release|Any CPU.Build.0 = Release|Any CPU
	EndGlobalSection
	GlobalSection(SolutionProperties) = preSolution
		HideSolutionNode = FALSE
	EndGlobalSection
	GlobalSection(ExtensibilityGlobals) = postSolution
		SolutionGuid = {2EFAC526-E803-4ED8-84D5-05DC30052F97}
	EndGlobalSection
EndGlobal
